
Microsoft Visual Studio Solution File, Format Version 12.00
# Visual Studio Version 16
VisualStudioVersion = 16.0.30011.22
MinimumVisualStudioVersion = 10.0.40219.1
Project("{FAE04EC0-301F-11D3-BF4B-00C04F79EFBC}") = "TreeDataModel", "TreeDataModel\TreeDataModel.csproj", "{DEDFBD8F-E424-436F-BA73-14C84A149E44}"
EndProject
Global
	GlobalSection(SolutionConfigurationPlatforms) = preSolution
		Debug|Any CPU = Debug|Any CPU
		Release|Any CPU = Release|Any CPU
	EndGlobalSection
	GlobalSection(ProjectConfigurationPlatforms) = postSolution
		{DEDFBD8F-E424-436F-BA73-14C84A149E44}.Debug|Any CPU.ActiveCfg = Debug|Any CPU
		{DEDFBD8F-E424-436F-BA73-14C84A149E44}.Debug|Any CPU.Build.0 = Debug|Any CPU
		{DEDFBD8F-E424-436F-BA73-14C84A149E44}.Release|Any CPU.ActiveCfg = Release|Any CPU
		{DEDFBD8F-E424-436F-BA73-14C84A149E44}.Release|Any CPU.Build.0 = Release|Any CPU
	EndGlobalSection
	GlobalSection(SolutionProperties) = preSolution
		HideSolutionNode = FALSE
	EndGlobalSection
	GlobalSection(ExtensibilityGlobals) = postSolution
		SolutionGuid = {F5A0B692-071C-4FC2-BC61-32B97B54EE13}
	EndGlobalSection
EndGlobal
